{
  "name": "python",
  "version": "1.0.0",
  "lockfileVersion": 3,
  "requires": true,
  "packages": {
    "": {
      "name": "python",
      "version": "1.0.0",
      "license": "ISC",
      "dependencies": {
        "squeel": "^1.0.0"
      }
    },
    "node_modules/squeel": {
      "version": "1.0.0",
      "resolved": "https://registry.npmjs.org/squeel/-/squeel-1.0.0.tgz",
      "integrity": "sha512-e/+ESr4mjsUDi4SN82ujzuaTIEMww4imvmvmsSXP6w6WvaZCTofMNGWh4tdf9e3C4abFTHAQJBho/E9zpbNS5w=="
    }
  }
}
